// !$*UTF8*$!
{
	archiveVersion = 1;
	classes = {
	};
	objectVersion = 48;
	objects = {

/* Begin PBXBuildFile section */
		082F8B972019CC6600DF9A6A /* AppDelegate.swift in Sources */ = {isa = PBXBuildFile; fileRef = 082F8B962019CC6600DF9A6A /* AppDelegate.swift */; };
		082F8B992019CC6600DF9A6A /* ViewController.swift in Sources */ = {isa = PBXBuildFile; fileRef = 082F8B982019CC6600DF9A6A /* ViewController.swift */; };
		082F8B9C2019CC6600DF9A6A /* Main.storyboard in Resources */ = {isa = PBXBuildFile; fileRef = 082F8B9A2019CC6600DF9A6A /* Main.storyboard */; };
		082F8B9E2019CC6600DF9A6A /* Assets.xcassets in Resources */ = {isa = PBXBuildFile; fileRef = 082F8B9D2019CC6600DF9A6A /* Assets.xcassets */; };
		082F8BA12019CC6600DF9A6A /* LaunchScreen.storyboard in Resources */ = {isa = PBXBuildFile; fileRef = 082F8B9F2019CC6600DF9A6A /* LaunchScreen.storyboard */; };
		82E9B7D37C261BECEEE3177B /* Pods_FontAwesome.framework in Frameworks */ = {isa = PBXBuildFile; fileRef = 37624F3593E58DEC58CB618F /* Pods_FontAwesome.framework */; };
/* End PBXBuildFile section */

/* Begin PBXFileReference section */
		082F8B932019CC6600DF9A6A /* FontAwesome.app */ = {isa = PBXFileReference; explicitFileType = wrapper.application; includeInIndex = 0; path = FontAwesome.app; sourceTree = BUILT_PRODUCTS_DIR; };
		082F8B962019CC6600DF9A6A /* AppDelegate.swift */ = {isa = PBXFileReference; lastKnownFileType = sourcecode.swift; path = AppDelegate.swift; sourceTree = "<group>"; };
		082F8B982019CC6600DF9A6A /* ViewController.swift */ = {isa = PBXFileReference; lastKnownFileType = sourcecode.swift; path = ViewController.swift; sourceTree = "<group>"; };
		082F8B9B2019CC6600DF9A6A /* Base */ = {isa = PBXFileReference; lastKnownFileType = file.storyboard; name = Base; path = Base.lproj/Main.storyboard; sourceTree = "<group>"; };
		082F8B9D2019CC6600DF9A6A /* Assets.xcassets */ = {isa = PBXFileReference; lastKnownFileType = folder.assetcatalog; path = Assets.xcassets; sourceTree = "<group>"; };
		082F8BA02019CC6600DF9A6A /* Base */ = {isa = PBXFileReference; lastKnownFileType = file.storyboard; name = Base; path = Base.lproj/LaunchScreen.storyboard; sourceTree = "<group>"; };
		082F8BA22019CC6600DF9A6A /* Info.plist */ = {isa = PBXFileReference; lastKnownFileType = text.plist.xml; path = Info.plist; sourceTree = "<group>"; };
		2F6DCBC014DB67C573AC1462 /* Pods-FontAwesome.release.xcconfig */ = {isa = PBXFileReference; includeInIndex = 1; lastKnownFileType = text.xcconfig; name = "Pods-FontAwesome.release.xcconfig"; path = "Pods/Target Support Files/Pods-FontAwesome/Pods-FontAwesome.release.xcconfig"; sourceTree = "<group>"; };
		37624F3593E58DEC58CB618F /* Pods_FontAwesome.framework */ = {isa = PBXFileReference; explicitFileType = wrapper.framework; includeInIndex = 0; path = Pods_FontAwesome.framework; sourceTree = BUILT_PRODUCTS_DIR; };
		63918F365D8C9A0EE75CF36A /* Pods-FontAwesome.debug.xcconfig */ = {isa = PBXFileReference; includeInIndex = 1; lastKnownFileType = text.xcconfig; name = "Pods-FontAwesome.debug.xcconfig"; path = "Pods/Target Support Files/Pods-FontAwesome/Pods-FontAwesome.debug.xcconfig"; sourceTree = "<group>"; };
/* End PBXFileReference section */

/* Begin PBXFrameworksBuildPhase section */
		082F8B902019CC6600DF9A6A /* Frameworks */ = {
			isa = PBXFrameworksBuildPhase;
			buildActionMask = 2147483647;
			files = (
				82E9B7D37C261BECEEE3177B /* Pods_FontAwesome.framework in Frameworks */,
			);
			runOnlyForDeploymentPostprocessing = 0;
		};
/* End PBXFrameworksBuildPhase section */

/* Begin PBXGroup section */
		082F8B8A2019CC6600DF9A6A = {
			isa = PBXGroup;
			children = (
				082F8B952019CC6600DF9A6A /* FontAwesome */,
				082F8B942019CC6600DF9A6A /* Products */,
				895C13AE94782FAE6F3EF3D2 /* Pods */,
				516125BC6879CBE00D581193 /* Frameworks */,
			);
			sourceTree = "<group>";
		};
		082F8B942019CC6600DF9A6A /* Products */ = {
			isa = PBXGroup;
			children = (
				082F8B932019CC6600DF9A6A /* FontAwesome.app */,
			);
			name = Products;
			sourceTree = "<group>";
		};
		082F8B952019CC6600DF9A6A /* FontAwesome */ = {
			isa = PBXGroup;
			children = (
				082F8B962019CC6600DF9A6A /* AppDelegate.swift */,
				082F8B982019CC6600DF9A6A /* ViewController.swift */,
				082F8B9A2019CC6600DF9A6A /* Main.storyboard */,
				082F8B9D2019CC6600DF9A6A /* Assets.xcassets */,
				082F8B9F2019CC6600DF9A6A /* LaunchScreen.storyboard */,
				082F8BA22019CC6600DF9A6A /* Info.plist */,
			);
			path = FontAwesome;
			sourceTree = "<group>";
		};
		516125BC6879CBE00D581193 /* Frameworks */ = {
			isa = PBXGroup;
			children = (
				37624F3593E58DEC58CB618F /* Pods_FontAwesome.framework */,
			);
			name = Frameworks;
			sourceTree = "<group>";
		};
		895C13AE94782FAE6F3EF3D2 /* Pods */ = {
			isa = PBXGroup;
			children = (
				63918F365D8C9A0EE75CF36A /* Pods-FontAwesome.debug.xcconfig */,
				2F6DCBC014DB67C573AC1462 /* Pods-FontAwesome.release.xcconfig */,
			);
			name = Pods;
			sourceTree = "<group>";
		};
/* End PBXGroup section */

/* Begin PBXNativeTarget section */
		082F8B922019CC6600DF9A6A /* FontAwesome */ = {
			isa = PBXNativeTarget;
			buildConfigurationList = 082F8BA52019CC6600DF9A6A /* Build configuration list for PBXNativeTarget "FontAwesome" */;
			buildPhases = (
				3FDBC14BB8BFBA79360C6925 /* [CP] Check Pods Manifest.lock */,
				082F8B8F2019CC6600DF9A6A /* Sources */,
				082F8B902019CC6600DF9A6A /* Frameworks */,
				082F8B912019CC6600DF9A6A /* Resources */,
				D2569836024E8D6CCDDAD0F5 /* [CP] Embed Pods Frameworks */,
				C3960B754972FB76984C0886 /* [CP] Copy Pods Resources */,
			);
			buildRules = (
			);
			dependencies = (
			);
			name = FontAwesome;
			productName = FontAwesome;
			productReference = 082F8B932019CC6600DF9A6A /* FontAwesome.app */;
			productType = "com.apple.product-type.application";
		};
/* End PBXNativeTarget section */

/* Begin PBXProject section */
		082F8B8B2019CC6600DF9A6A /* Project object */ = {
			isa = PBXProject;
			attributes = {
				LastSwiftUpdateCheck = 0920;
				LastUpgradeCheck = 0920;
				ORGANIZATIONNAME = Appoets;
				TargetAttributes = {
					082F8B922019CC6600DF9A6A = {
						CreatedOnToolsVersion = 9.2;
						ProvisioningStyle = Automatic;
					};
				};
			};
			buildConfigurationList = 082F8B8E2019CC6600DF9A6A /* Build configuration list for PBXProject "FontAwesome" */;
			compatibilityVersion = "Xcode 8.0";
			developmentRegion = en;
			hasScannedForEncodings = 0;
			knownRegions = (
				en,
				Base,
			);
			mainGroup = 082F8B8A2019CC6600DF9A6A;
			productRefGroup = 082F8B942019CC6600DF9A6A /* Products */;
			projectDirPath = "";
			projectRoot = "";
			targets = (
				082F8B922019CC6600DF9A6A /* FontAwesome */,
			);
		};
/* End PBXProject section */

/* Begin PBXResourcesBuildPhase section */
		082F8B912019CC6600DF9A6A /* Resources */ = {
			isa = PBXResourcesBuildPhase;
			buildActionMask = 2147483647;
			files = (
				082F8BA12019CC6600DF9A6A /* LaunchScreen.storyboard in Resources */,
				082F8B9E2019CC6600DF9A6A /* Assets.xcassets in Resources */,
				082F8B9C2019CC6600DF9A6A /* Main.storyboard in Resources */,
			);
			runOnlyForDeploymentPostprocessing = 0;
		};
/* End PBXResourcesBuildPhase section */

/* Begin PBXShellScriptBuildPhase section */
		3FDBC14BB8BFBA79360C6925 /* [CP] Check Pods Manifest.lock */ = {
			isa = PBXShellScriptBuildPhase;
			buildActionMask = 2147483647;
			files = (
			);
			inputPaths = (
				"${PODS_PODFILE_DIR_PATH}/Podfile.lock",
				"${PODS_ROOT}/Manifest.lock",
			);
			name = "[CP] Check Pods Manifest.lock";
			outputPaths = (
				"$(DERIVED_FILE_DIR)/Pods-FontAwesome-checkManifestLockResult.txt",
			);
			runOnlyForDeploymentPostprocessing = 0;
			shellPath = /bin/sh;
			shellScript = "diff \"${PODS_PODFILE_DIR_PATH}/Podfile.lock\" \"${PODS_ROOT}/Manifest.lock\" > /dev/null\nif [ $? != 0 ] ; then\n    # print error to STDERR\n    echo \"error: The sandbox is not in sync with the Podfile.lock. Run 'pod install' or update your CocoaPods installation.\" >&2\n    exit 1\nfi\n# This output is used by Xcode 'outputs' to avoid re-running this script phase.\necho \"SUCCESS\" > \"${SCRIPT_OUTPUT_FILE_0}\"\n";
			showEnvVarsInLog = 0;
		};
		C3960B754972FB76984C0886 /* [CP] Copy Pods Resources */ = {
			isa = PBXShellScriptBuildPhase;
			buildActionMask = 2147483647;
			files = (
			);
			inputPaths = (
			);
			name = "[CP] Copy Pods Resources";
			outputPaths = (
			);
			runOnlyForDeploymentPostprocessing = 0;
			shellPath = /bin/sh;
			shellScript = "\"${SRCROOT}/Pods/Target Support Files/Pods-FontAwesome/Pods-FontAwesome-resources.sh\"\n";
			showEnvVarsInLog = 0;
		};
		D2569836024E8D6CCDDAD0F5 /* [CP] Embed Pods Frameworks */ = {
			isa = PBXShellScriptBuildPhase;
			buildActionMask = 2147483647;
			files = (
			);
			inputPaths = (
				"${SRCROOT}/Pods/Target Support Files/Pods-FontAwesome/Pods-FontAwesome-frameworks.sh",
				"${BUILT_PRODUCTS_DIR}/FontAwesome.swift/FontAwesome_swift.framework",
			);
			name = "[CP] Embed Pods Frameworks";
			outputPaths = (
				"${TARGET_BUILD_DIR}/${FRAMEWORKS_FOLDER_PATH}/FontAwesome_swift.framework",
			);
			runOnlyForDeploymentPostprocessing = 0;
			shellPath = /bin/sh;
			shellScript = "\"${SRCROOT}/Pods/Target Support Files/Pods-FontAwesome/Pods-FontAwesome-frameworks.sh\"\n";
			showEnvVarsInLog = 0;
		};
/* End PBXShellScriptBuildPhase section */

/* Begin PBXSourcesBuildPhase section */
		082F8B8F2019CC6600DF9A6A /* Sources */ = {
			isa = PBXSourcesBuildPhase;
			buildActionMask = 2147483647;
			files = (
				082F8B992019CC6600DF9A6A /* ViewController.swift in Sources */,
				082F8B972019CC6600DF9A6A /* AppDelegate.swift in Sources */,
			);
			runOnlyForDeploymentPostprocessing = 0;
		};
/* End PBXSourcesBuildPhase section */

/* Begin PBXVariantGroup section */
		082F8B9A2019CC6600DF9A6A /* Main.storyboard */ = {
			isa = PBXVariantGroup;
			children = (
				082F8B9B2019CC6600DF9A6A /* Base */,
			);
			name = Main.storyboard;
			sourceTree = "<group>";
		};
		082F8B9F2019CC6600DF9A6A /* LaunchScreen.storyboard */ = {
			isa = PBXVariantGroup;
			children = (
				082F8BA02019CC6600DF9A6A /* Base */,
			);
			name = LaunchScreen.storyboard;
			sourceTree = "<group>";
		};
/* End PBXVariantGroup section */

/* Begin XCBuildConfiguration section */
		082F8BA32019CC6600DF9A6A /* Debug */ = {
			isa = XCBuildConfiguration;
			buildSettings = {
				ALWAYS_SEARCH_USER_PATHS = NO;
				CLANG_ANALYZER_NONNULL = YES;
				CLANG_ANALYZER_NUMBER_OBJECT_CONVERSION = YES_AGGRESSIVE;
				CLANG_CXX_LANGUAGE_STANDARD = "gnu++14";
				CLANG_CXX_LIBRARY = "libc++";
				CLANG_ENABLE_MODULES = YES;
				CLANG_ENABLE_OBJC_ARC = YES;
				CLANG_WARN_BLOCK_CAPTURE_AUTORELEASING = YES;
				CLANG_WARN_BOOL_CONVERSION = YES;
				CLANG_WARN_COMMA = YES;
				CLANG_WARN_CONSTANT_CONVERSION = YES;
				CLANG_WARN_DIRECT_OBJC_ISA_USAGE = YES_ERROR;
				CLANG_WARN_DOCUMENTATION_COMMENTS = YES;
				CLANG_WARN_EMPTY_BODY = YES;
				CLANG_WARN_ENUM_CONVERSION = YES;
				CLANG_WARN_INFINITE_RECURSION = YES;
				CLANG_WARN_INT_CONVERSION = YES;
				CLANG_WARN_NON_LITERAL_NULL_CONVERSION = YES;
				CLANG_WARN_OBJC_LITERAL_CONVERSION = YES;
				CLANG_WARN_OBJC_ROOT_CLASS = YES_ERROR;
				CLANG_WARN_RANGE_LOOP_ANALYSIS = YES;
				CLANG_WARN_STRICT_PROTOTYPES = YES;
				CLANG_WARN_SUSPICIOUS_MOVE = YES;
				CLANG_WARN_UNGUARDED_AVAILABILITY = YES_AGGRESSIVE;
				CLANG_WARN_UNREACHABLE_CODE = YES;
				CLANG_WARN__DUPLICATE_METHOD_MATCH = YES;
				CODE_SIGN_IDENTITY = "iPhone Developer";
				COPY_PHASE_STRIP = NO;
				DEBUG_INFORMATION_FORMAT = dwarf;
				ENABLE_STRICT_OBJC_MSGSEND = YES;
				ENABLE_TESTABILITY = YES;
				GCC_C_LANGUAGE_STANDARD = gnu11;
				GCC_DYNAMIC_NO_PIC = NO;
				GCC_NO_COMMON_BLOCKS = YES;
				GCC_OPTIMIZATION_LEVEL = 0;
				GCC_PREPROCESSOR_DEFINITIONS = (
					"DEBUG=1",
					"$(inherited)",
				);
				GCC_WARN_64_TO_32_BIT_CONVERSION = YES;
				GCC_WARN_ABOUT_RETURN_TYPE = YES_ERROR;
				GCC_WARN_UNDECLARED_SELECTOR = YES;
				GCC_WARN_UNINITIALIZED_AUTOS = YES_AGGRESSIVE;
				GCC_WARN_UNUSED_FUNCTION = YES;
				GCC_WARN_UNUSED_VARIABLE = YES;
				IPHONEOS_DEPLOYMENT_TARGET = 11.2;
				MTL_ENABLE_DEBUG_INFO = YES;
				ONLY_ACTIVE_ARCH = YES;
				SDKROOT = iphoneos;
				SWIFT_ACTIVE_COMPILATION_CONDITIONS = DEBUG;
				SWIFT_OPTIMIZATION_LEVEL = "-Onone";
			};
			name = Debug;
		};
		082F8BA42019CC6600DF9A6A /* Release */ = {
			isa = XCBuildConfiguration;
			buildSettings = {
				ALWAYS_SEARCH_USER_PATHS = NO;
				CLANG_ANALYZER_NONNULL = YES;
				CLANG_ANALYZER_NUMBER_OBJECT_CONVERSION = YES_AGGRESSIVE;
				CLANG_CXX_LANGUAGE_STANDARD = "gnu++14";
				CLANG_CXX_LIBRARY = "libc++";
				CLANG_ENABLE_MODULES = YES;
				CLANG_ENABLE_OBJC_ARC = YES;
				CLANG_WARN_BLOCK_CAPTURE_AUTORELEASING = YES;
				CLANG_WARN_BOOL_CONVERSION = YES;
				CLANG_WARN_COMMA = YES;
				CLANG_WARN_CONSTANT_CONVERSION = YES;
				CLANG_WARN_DIRECT_OBJC_ISA_USAGE = YES_ERROR;
				CLANG_WARN_DOCUMENTATION_COMMENTS = YES;
				CLANG_WARN_EMPTY_BODY = YES;
				CLANG_WARN_ENUM_CONVERSION = YES;
				CLANG_WARN_INFINITE_RECURSION = YES;
				CLANG_WARN_INT_CONVERSION = YES;
				CLANG_WARN_NON_LITERAL_NULL_CONVERSION = YES;
				CLANG_WARN_OBJC_LITERAL_CONVERSION = YES;
				CLANG_WARN_OBJC_ROOT_CLASS = YES_ERROR;
				CLANG_WARN_RANGE_LOOP_ANALYSIS = YES;
				CLANG_WARN_STRICT_PROTOTYPES = YES;
				CLANG_WARN_SUSPICIOUS_MOVE = YES;
				CLANG_WARN_UNGUARDED_AVAILABILITY = YES_AGGRESSIVE;
				CLANG_WARN_UNREACHABLE_CODE = YES;
				CLANG_WARN__DUPLICATE_METHOD_MATCH = YES;
				CODE_SIGN_IDENTITY = "iPhone Developer";
				COPY_PHASE_STRIP = NO;
				DEBUG_INFORMATION_FORMAT = "dwarf-with-dsym";
				ENABLE_NS_ASSERTIONS = NO;
				ENABLE_STRICT_OBJC_MSGSEND = YES;
				GCC_C_LANGUAGE_STANDARD = gnu11;
				GCC_NO_COMMON_BLOCKS = YES;
				GCC_WARN_64_TO_32_BIT_CONVERSION = YES;
				GCC_WARN_ABOUT_RETURN_TYPE = YES_ERROR;
				GCC_WARN_UNDECLARED_SELECTOR = YES;
				GCC_WARN_UNINITIALIZED_AUTOS = YES_AGGRESSIVE;
				GCC_WARN_UNUSED_FUNCTION = YES;
				GCC_WARN_UNUSED_VARIABLE = YES;
				IPHONEOS_DEPLOYMENT_TARGET = 11.2;
				MTL_ENABLE_DEBUG_INFO = NO;
				SDKROOT = iphoneos;
				SWIFT_OPTIMIZATION_LEVEL = "-Owholemodule";
				VALIDATE_PRODUCT = YES;
			};
			name = Release;
		};
		082F8BA62019CC6600DF9A6A /* Debug */ = {
			isa = XCBuildConfiguration;
			baseConfigurationReference = 63918F365D8C9A0EE75CF36A /* Pods-FontAwesome.debug.xcconfig */;
			buildSettings = {
				ASSETCATALOG_COMPILER_APPICON_NAME = AppIcon;
				CODE_SIGN_STYLE = Automatic;
				DEVELOPMENT_TEAM = 4S6XZZR5Y9;
				INFOPLIST_FILE = FontAwesome/Info.plist;
				LD_RUNPATH_SEARCH_PATHS = "$(inherited) @executable_path/Frameworks";
				PRODUCT_BUNDLE_IDENTIFIER = Appoets.FontAwesome;
				PRODUCT_NAME = "$(TARGET_NAME)";
				SWIFT_VERSION = 4.0;
				TARGETED_DEVICE_FAMILY = "1,2";
			};
			name = Debug;
		};
		082F8BA72019CC6600DF9A6A /* Release */ = {
			isa = XCBuildConfiguration;
			baseConfigurationReference = 2F6DCBC014DB67C573AC1462 /* Pods-FontAwesome.release.xcconfig */;
			buildSettings = {
				ASSETCATALOG_COMPILER_APPICON_NAME = AppIcon;
				CODE_SIGN_STYLE = Automatic;
				DEVELOPMENT_TEAM = 4S6XZZR5Y9;
				INFOPLIST_FILE = FontAwesome/Info.plist;
				LD_RUNPATH_SEARCH_PATHS = "$(inherited) @executable_path/Frameworks";
				PRODUCT_BUNDLE_IDENTIFIER = Appoets.FontAwesome;
				PRODUCT_NAME = "$(TARGET_NAME)";
				SWIFT_VERSION = 4.0;
				TARGETED_DEVICE_FAMILY = "1,2";
			};
			name = Release;
		};
/* End XCBuildConfiguration section */

/* Begin XCConfigurationList section */
		082F8B8E2019CC6600DF9A6A /* Build configuration list for PBXProject "FontAwesome" */ = {
			isa = XCConfigurationList;
			buildConfigurations = (
				082F8BA32019CC6600DF9A6A /* Debug */,
				082F8BA42019CC6600DF9A6A /* Release */,
			);
			defaultConfigurationIsVisible = 0;
			defaultConfigurationName = Release;
		};
		082F8BA52019CC6600DF9A6A /* Build configuration list for PBXNativeTarget "FontAwesome" */ = {
			isa = XCConfigurationList;
			buildConfigurations = (
				082F8BA62019CC6600DF9A6A /* Debug */,
				082F8BA72019CC6600DF9A6A /* Release */,
			);
			defaultConfigurationIsVisible = 0;
			defaultConfigurationName = Release;
		};
/* End XCConfigurationList section */
	};
	rootObject = 082F8B8B2019CC6600DF9A6A /* Project object */;
}
